
Microsoft Visual Studio Solution File, Format Version 12.00
# Visual Studio Version 16
VisualStudioVersion = 16.0.28803.352
MinimumVisualStudioVersion = 10.0.40219.1
Project("{9A19103F-16F7-4668-BE54-9A1E7A4F7556}") = "pf_gestionarPrimeraRecarga", "pf_gestionarPrimeraRecarga\pf_gestionarPrimeraRecarga.csproj", "{434ECDF9-787B-4764-BC11-5839BDB1585D}"
EndProject
Project("{9A19103F-16F7-4668-BE54-9A1E7A4F7556}") = "pf_consultarPlan", "pf_consultarPlan\pf_consultarPlan.csproj", "{83894FA8-A6D1-4F27-A64A-E4A38B8D6260}"
EndProject
Project("{9A19103F-16F7-4668-BE54-9A1E7A4F7556}") = "pf_maestros", "pf_maestros\pf_maestros.csproj", "{2C70447D-C915-43F5-AE3F-1E1F54D1987E}"
EndProject
Global
	GlobalSection(SolutionConfigurationPlatforms) = preSolution
		Debug|Any CPU = Debug|Any CPU
		Release|Any CPU = Release|Any CPU
	EndGlobalSection
	GlobalSection(ProjectConfigurationPlatforms) = postSolution
		{434ECDF9-787B-4764-BC11-5839BDB1585D}.Debug|Any CPU.ActiveCfg = Debug|Any CPU
		{434ECDF9-787B-4764-BC11-5839BDB1585D}.Debug|Any CPU.Build.0 = Debug|Any CPU
		{434ECDF9-787B-4764-BC11-5839BDB1585D}.Release|Any CPU.ActiveCfg = Release|Any CPU
		{434ECDF9-787B-4764-BC11-5839BDB1585D}.Release|Any CPU.Build.0 = Release|Any CPU
		{83894FA8-A6D1-4F27-A64A-E4A38B8D6260}.Debug|Any CPU.ActiveCfg = Debug|Any CPU
		{83894FA8-A6D1-4F27-A64A-E4A38B8D6260}.Debug|Any CPU.Build.0 = Debug|Any CPU
		{83894FA8-A6D1-4F27-A64A-E4A38B8D6260}.Release|Any CPU.ActiveCfg = Release|Any CPU
		{83894FA8-A6D1-4F27-A64A-E4A38B8D6260}.Release|Any CPU.Build.0 = Release|Any CPU
		{2C70447D-C915-43F5-AE3F-1E1F54D1987E}.Debug|Any CPU.ActiveCfg = Debug|Any CPU
		{2C70447D-C915-43F5-AE3F-1E1F54D1987E}.Debug|Any CPU.Build.0 = Debug|Any CPU
		{2C70447D-C915-43F5-AE3F-1E1F54D1987E}.Release|Any CPU.ActiveCfg = Release|Any CPU
		{2C70447D-C915-43F5-AE3F-1E1F54D1987E}.Release|Any CPU.Build.0 = Release|Any CPU
	EndGlobalSection
	GlobalSection(SolutionProperties) = preSolution
		HideSolutionNode = FALSE
	EndGlobalSection
	GlobalSection(ExtensibilityGlobals) = postSolution
		SolutionGuid = {65EA7467-7775-4282-A266-B2ECE876B2EE}
	EndGlobalSection
EndGlobal
